Microsoft Visual Studio Solution File, Format Version 12.00
# Visual Studio 15
VisualStudioVersion = 15.0.27130.2036
MinimumVisualStudioVersion = 10.0.40219.1
Project("{8BC9CEB8-8B4A-11D0-8D11-00A0C91BC942}") = "Template", "Plugins\Public\__PLUGIN_TEMPLATE\Template.vcxproj", "{E7008BA7-4F75-4AF7-B25C-3A9A3287A88F}"
	ProjectSection(ProjectDependencies) = postProject
		{81D33B95-1DDD-4F58-A24C-E2EC4A143DD0} = {81D33B95-1DDD-4F58-A24C-E2EC4A143DD0}
	EndProjectSection
EndProject
Project("{8BC9CEB8-8B4A-11D0-8D11-00A0C91BC942}") = "PluginUtilities", "Plugins\PluginUtilities\PluginUtilities.vcxitems", "{45D41ACC-2C3C-43D2-BC10-02AA73FFC7C7}"
EndProject
Project("{2150E333-8FDC-42A3-9474-1A3956D46DE8}") = "Source", "Source", "{69E78BDE-48E9-40DE-A39E-06EF1FE30ADB}"
EndProject
Project("{2150E333-8FDC-42A3-9474-1A3956D46DE8}") = "Public Plugins", "Public Plugins", "{F77D3998-A163-4D75-95E3-88C3C6B2DCFA}"
EndProject
Project("{2150E333-8FDC-42A3-9474-1A3956D46DE8}") = "Private Plugins", "Private Plugins", "{BBFB4FED-5E58-48D4-AAA4-D2BACA26CDD4}"
EndProject
Project("{2150E333-8FDC-42A3-9474-1A3956D46DE8}") = "Tool Plugins", "Tool Plugins", "{CDE58962-6409-42E3-B236-125C624E3508}"
EndProject
Project("{8BC9CEB8-8B4A-11D0-8D11-00A0C91BC942}") = "HookExtension Plugin", "Plugins\Public\hookext_plugin\HookExt Plugin.vcxproj", "{81D33B95-1DDD-4F58-A24C-E2EC4A143DD0}"
	ProjectSection(ProjectDependencies) = postProject
		{FE6EB3C9-DA22-4492-AEC3-068C9553A623} = {FE6EB3C9-DA22-4492-AEC3-068C9553A623}
	EndProjectSection
EndProject
Project("{8BC9CEB8-8B4A-11D0-8D11-00A0C91BC942}") = "FLHook", "Source\FLHook.vcxproj", "{FE6EB3C9-DA22-4492-AEC3-068C9553A623}"
EndProject
Project("{8BC9CEB8-8B4A-11D0-8D11-00A0C91BC942}") = "alley", "Plugins\Public\alley\alley.vcxproj", "{DB39D53F-D243-4C8C-95CD-2101CCA7D20F}"
EndProject
Project("{8BC9CEB8-8B4A-11D0-8D11-00A0C91BC942}") = "autobuy", "Plugins\Public\autobuy\Autobuy.vcxproj", "{B92D0FA9-093B-4DB0-9AFD-3AF72BD87AAE}"
	ProjectSection(ProjectDependencies) = postProject
		{81D33B95-1DDD-4F58-A24C-E2EC4A143DD0} = {81D33B95-1DDD-4F58-A24C-E2EC4A143DD0}
	EndProjectSection
EndProject
Project("{8BC9CEB8-8B4A-11D0-8D11-00A0C91BC942}") = "Base Plugin", "Plugins\Public\base_plugin\Base Plugin.vc14.vcxproj", "{81D35B95-1CDD-4F58-A24C-E2EC47D43DD0}"
EndProject
Project("{8BC9CEB8-8B4A-11D0-8D11-00A0C91BC942}") = "Cloak Plugin", "Plugins\Public\cloak_plugin\Cloak Plugin.vc14.vcxproj", "{81A35B95-1CED-4F58-A24C-E2DC47D43DD0}"
EndProject
Project("{8BC9CEB8-8B4A-11D0-8D11-00A0C91BC942}") = "CommodityLimit", "Plugins\Public\commoditylimit\CommodityLimit.vcxproj", "{E7DFB061-5E6A-47DC-94C5-CCB169EA410A}"
EndProject
Project("{8BC9CEB8-8B4A-11D0-8D11-00A0C91BC942}") = "Conn Plugin", "Plugins\Public\conn_plugin\Conn Plugin.vc14.vcxproj", "{81D33B95-1CDD-4F58-A24C-E2EC47143DD0}"
EndProject
Project("{8BC9CEB8-8B4A-11D0-8D11-00A0C91BC942}") = "event", "Plugins\Public\event\Event.vcxproj", "{4B9AB78F-085B-4F29-8E03-99FCF081F273}"
EndProject
Project("{8BC9CEB8-8B4A-11D0-8D11-00A0C91BC942}") = "JSONBuddy", "Plugins\Public\JSONBuddy\JSONBuddy.vcxproj", "{097BFFBB-2BBE-4E16-B2FB-3ED8E90ECBD7}"
EndProject
Project("{8BC9CEB8-8B4A-11D0-8D11-00A0C91BC942}") = "MarketFucker", "Plugins\Public\MarketFucker\MarketFucker.vcxproj", "{9ED72C7D-81FC-49F5-8709-0AB542113D3F}"
EndProject
Project("{8BC9CEB8-8B4A-11D0-8D11-00A0C91BC942}") = "MiningControl Plugin", "Plugins\Public\minecontrol_plugin\MineControl Plugin.vc14.vcxproj", "{367D5EDC-F360-49E0-B652-587B9E22CF6C}"
EndProject
Project("{8BC9CEB8-8B4A-11D0-8D11-00A0C91BC942}") = "MobileDocking Plugin", "Plugins\Public\mobiledocking_plugin\MobileDocking Plugin.vc14.vcxproj", "{81A35B95-1CDD-4F58-A24C-E2DC47D43DD0}"
EndProject
Project("{2150E333-8FDC-42A3-9474-1A3956D46DE8}") = "Broken or Buggy Plugins", "Broken or Buggy Plugins", "{B802515E-816B-4FC3-AF09-4684613A7425}"
EndProject
Project("{8BC9CEB8-8B4A-11D0-8D11-00A0C91BC942}") = "npc", "Plugins\Public\npc_control\npc.vcxproj", "{7C84F18C-FE8C-4731-882D-05C237753A54}"
EndProject
Project("{8BC9CEB8-8B4A-11D0-8D11-00A0C91BC942}") = "Player Control", "Plugins\Public\playercntl_plugin\Player Control Plugin.vc14.vcxproj", "{9E084A9E-A8B9-4F64-8048-F3357839683E}"
EndProject
Project("{8BC9CEB8-8B4A-11D0-8D11-00A0C91BC942}") = "Tempban Plugin", "Plugins\Public\tempban\Tempban Plugin.vc14.vcxproj", "{01DE3D3D-0DA2-447E-8C03-B2A2FB03A0F5}"
EndProject
Project("{2150E333-8FDC-42A3-9474-1A3956D46DE8}") = "Laz", "Laz", "{63F35E63-664C-46D5-8897-D0EB32610F96}"
EndProject
Project("{8BC9CEB8-8B4A-11D0-8D11-00A0C91BC942}") = "Rep", "Plugins\Public\getrep\Rep.vcxproj", "{E7EB5672-90CC-4B88-A8A0-55BB6BBAE7F7}"
EndProject
Global
	GlobalSection(SharedMSBuildProjectFiles) = preSolution
		Plugins\PluginUtilities\PluginUtilities.vcxitems*{097bffbb-2bbe-4e16-b2fb-3ed8e90ecbd7}*SharedItemsImports = 4
		Plugins\PluginUtilities\PluginUtilities.vcxitems*{367d5edc-f360-49e0-b652-587b9e22cf6c}*SharedItemsImports = 4
		Plugins\PluginUtilities\PluginUtilities.vcxitems*{45d41acc-2c3c-43d2-bc10-02aa73ffc7c7}*SharedItemsImports = 9
		Plugins\PluginUtilities\PluginUtilities.vcxitems*{4b9ab78f-085b-4f29-8e03-99fcf081f273}*SharedItemsImports = 4
		Plugins\PluginUtilities\PluginUtilities.vcxitems*{7c84f18c-fe8c-4731-882d-05c237753a54}*SharedItemsImports = 4
		Plugins\PluginUtilities\PluginUtilities.vcxitems*{81a35b95-1cdd-4f58-a24c-e2dc47d43dd0}*SharedItemsImports = 4
		Plugins\PluginUtilities\PluginUtilities.vcxitems*{81a35b95-1ced-4f58-a24c-e2dc47d43dd0}*SharedItemsImports = 4
		Plugins\PluginUtilities\PluginUtilities.vcxitems*{81d33b95-1ddd-4f58-a24c-e2ec4a143dd0}*SharedItemsImports = 4
		Plugins\PluginUtilities\PluginUtilities.vcxitems*{81d35b95-1cdd-4f58-a24c-e2ec47d43dd0}*SharedItemsImports = 4
		Plugins\PluginUtilities\PluginUtilities.vcxitems*{9e084a9e-a8b9-4f64-8048-f3357839683e}*SharedItemsImports = 4
		Plugins\PluginUtilities\PluginUtilities.vcxitems*{9ed72c7d-81fc-49f5-8709-0ab542113d3f}*SharedItemsImports = 4
		Plugins\PluginUtilities\PluginUtilities.vcxitems*{b92d0fa9-093b-4db0-9afd-3af72bd87aae}*SharedItemsImports = 4
		Plugins\PluginUtilities\PluginUtilities.vcxitems*{db39d53f-d243-4c8c-95cd-2101cca7d20f}*SharedItemsImports = 4
		Plugins\PluginUtilities\PluginUtilities.vcxitems*{e7008ba7-4f75-4af7-b25c-3a9a3287a88f}*SharedItemsImports = 4
		Plugins\PluginUtilities\PluginUtilities.vcxitems*{e7dfb061-5e6a-47dc-94c5-ccb169ea410a}*SharedItemsImports = 4
		Plugins\PluginUtilities\PluginUtilities.vcxitems*{e7eb5672-90cc-4b88-a8a0-55bb6bbae7f7}*SharedItemsImports = 4
	EndGlobalSection
	GlobalSection(SolutionConfigurationPlatforms) = preSolution
		Debug|Win32 = Debug|Win32
		DebugDONOTUSE|Win32 = DebugDONOTUSE|Win32
		Release|Win32 = Release|Win32
	EndGlobalSection
	GlobalSection(ProjectConfigurationPlatforms) = postSolution
		{E7008BA7-4F75-4AF7-B25C-3A9A3287A88F}.Debug|Win32.ActiveCfg = Debug|Win32
		{E7008BA7-4F75-4AF7-B25C-3A9A3287A88F}.Debug|Win32.Build.0 = Debug|Win32
		{E7008BA7-4F75-4AF7-B25C-3A9A3287A88F}.DebugDONOTUSE|Win32.ActiveCfg = Debug|Win32
		{E7008BA7-4F75-4AF7-B25C-3A9A3287A88F}.DebugDONOTUSE|Win32.Build.0 = Debug|Win32
		{E7008BA7-4F75-4AF7-B25C-3A9A3287A88F}.Release|Win32.ActiveCfg = Release|Win32
		{E7008BA7-4F75-4AF7-B25C-3A9A3287A88F}.Release|Win32.Build.0 = Release|Win32
		{81D33B95-1DDD-4F58-A24C-E2EC4A143DD0}.Debug|Win32.ActiveCfg = Debug|Win32
		{81D33B95-1DDD-4F58-A24C-E2EC4A143DD0}.Debug|Win32.Build.0 = Debug|Win32
		{81D33B95-1DDD-4F58-A24C-E2EC4A143DD0}.DebugDONOTUSE|Win32.ActiveCfg = Debug|Win32
		{81D33B95-1DDD-4F58-A24C-E2EC4A143DD0}.DebugDONOTUSE|Win32.Build.0 = Debug|Win32
		{81D33B95-1DDD-4F58-A24C-E2EC4A143DD0}.Release|Win32.ActiveCfg = Release|Win32
		{81D33B95-1DDD-4F58-A24C-E2EC4A143DD0}.Release|Win32.Build.0 = Release|Win32
		{FE6EB3C9-DA22-4492-AEC3-068C9553A623}.Debug|Win32.ActiveCfg = Debug|Win32
		{FE6EB3C9-DA22-4492-AEC3-068C9553A623}.Debug|Win32.Build.0 = Debug|Win32
		{FE6EB3C9-DA22-4492-AEC3-068C9553A623}.Debug|Win32.Deploy.0 = Debug|Win32
		{FE6EB3C9-DA22-4492-AEC3-068C9553A623}.DebugDONOTUSE|Win32.ActiveCfg = Debug|Win32
		{FE6EB3C9-DA22-4492-AEC3-068C9553A623}.DebugDONOTUSE|Win32.Build.0 = Debug|Win32
		{FE6EB3C9-DA22-4492-AEC3-068C9553A623}.DebugDONOTUSE|Win32.Deploy.0 = Debug|Win32
		{FE6EB3C9-DA22-4492-AEC3-068C9553A623}.Release|Win32.ActiveCfg = Release|Win32
		{FE6EB3C9-DA22-4492-AEC3-068C9553A623}.Release|Win32.Build.0 = Release|Win32
		{FE6EB3C9-DA22-4492-AEC3-068C9553A623}.Release|Win32.Deploy.0 = Release|Win32
		{DB39D53F-D243-4C8C-95CD-2101CCA7D20F}.Debug|Win32.ActiveCfg = Debug|Win32
		{DB39D53F-D243-4C8C-95CD-2101CCA7D20F}.Debug|Win32.Build.0 = Debug|Win32
		{DB39D53F-D243-4C8C-95CD-2101CCA7D20F}.DebugDONOTUSE|Win32.ActiveCfg = Debug|Win32
		{DB39D53F-D243-4C8C-95CD-2101CCA7D20F}.DebugDONOTUSE|Win32.Build.0 = Debug|Win32
		{DB39D53F-D243-4C8C-95CD-2101CCA7D20F}.Release|Win32.ActiveCfg = Release|Win32
		{DB39D53F-D243-4C8C-95CD-2101CCA7D20F}.Release|Win32.Build.0 = Release|Win32
		{B92D0FA9-093B-4DB0-9AFD-3AF72BD87AAE}.Debug|Win32.ActiveCfg = Debug|Win32
		{B92D0FA9-093B-4DB0-9AFD-3AF72BD87AAE}.Debug|Win32.Build.0 = Debug|Win32
		{B92D0FA9-093B-4DB0-9AFD-3AF72BD87AAE}.DebugDONOTUSE|Win32.ActiveCfg = Debug|Win32
		{B92D0FA9-093B-4DB0-9AFD-3AF72BD87AAE}.DebugDONOTUSE|Win32.Build.0 = Debug|Win32
		{B92D0FA9-093B-4DB0-9AFD-3AF72BD87AAE}.Release|Win32.ActiveCfg = Release|Win32
		{B92D0FA9-093B-4DB0-9AFD-3AF72BD87AAE}.Release|Win32.Build.0 = Release|Win32
		{81D35B95-1CDD-4F58-A24C-E2EC47D43DD0}.Debug|Win32.ActiveCfg = Debug|Win32
		{81D35B95-1CDD-4F58-A24C-E2EC47D43DD0}.Debug|Win32.Build.0 = Debug|Win32
		{81D35B95-1CDD-4F58-A24C-E2EC47D43DD0}.DebugDONOTUSE|Win32.ActiveCfg = Debug|Win32
		{81D35B95-1CDD-4F58-A24C-E2EC47D43DD0}.DebugDONOTUSE|Win32.Build.0 = Debug|Win32
		{81D35B95-1CDD-4F58-A24C-E2EC47D43DD0}.Release|Win32.ActiveCfg = Release|Win32
		{81D35B95-1CDD-4F58-A24C-E2EC47D43DD0}.Release|Win32.Build.0 = Release|Win32
		{81A35B95-1CED-4F58-A24C-E2DC47D43DD0}.Debug|Win32.ActiveCfg = Debug|Win32
		{81A35B95-1CED-4F58-A24C-E2DC47D43DD0}.Debug|Win32.Build.0 = Debug|Win32
		{81A35B95-1CED-4F58-A24C-E2DC47D43DD0}.DebugDONOTUSE|Win32.ActiveCfg = Debug|Win32
		{81A35B95-1CED-4F58-A24C-E2DC47D43DD0}.DebugDONOTUSE|Win32.Build.0 = Debug|Win32
		{81A35B95-1CED-4F58-A24C-E2DC47D43DD0}.Release|Win32.ActiveCfg = Release|Win32
		{81A35B95-1CED-4F58-A24C-E2DC47D43DD0}.Release|Win32.Build.0 = Release|Win32
		{E7DFB061-5E6A-47DC-94C5-CCB169EA410A}.Debug|Win32.ActiveCfg = Debug|Win32
		{E7DFB061-5E6A-47DC-94C5-CCB169EA410A}.Debug|Win32.Build.0 = Debug|Win32
		{E7DFB061-5E6A-47DC-94C5-CCB169EA410A}.DebugDONOTUSE|Win32.ActiveCfg = Debug|Win32
		{E7DFB061-5E6A-47DC-94C5-CCB169EA410A}.DebugDONOTUSE|Win32.Build.0 = Debug|Win32
		{E7DFB061-5E6A-47DC-94C5-CCB169EA410A}.Release|Win32.ActiveCfg = Release|Win32
		{E7DFB061-5E6A-47DC-94C5-CCB169EA410A}.Release|Win32.Build.0 = Release|Win32
		{81D33B95-1CDD-4F58-A24C-E2EC47143DD0}.Debug|Win32.ActiveCfg = Debug|Win32
		{81D33B95-1CDD-4F58-A24C-E2EC47143DD0}.Debug|Win32.Build.0 = Debug|Win32
		{81D33B95-1CDD-4F58-A24C-E2EC47143DD0}.DebugDONOTUSE|Win32.ActiveCfg = Debug|Win32
		{81D33B95-1CDD-4F58-A24C-E2EC47143DD0}.DebugDONOTUSE|Win32.Build.0 = Debug|Win32
		{81D33B95-1CDD-4F58-A24C-E2EC47143DD0}.Release|Win32.ActiveCfg = Release|Win32
		{81D33B95-1CDD-4F58-A24C-E2EC47143DD0}.Release|Win32.Build.0 = Release|Win32
		{4B9AB78F-085B-4F29-8E03-99FCF081F273}.Debug|Win32.ActiveCfg = Debug|Win32
		{4B9AB78F-085B-4F29-8E03-99FCF081F273}.Debug|Win32.Build.0 = Debug|Win32
		{4B9AB78F-085B-4F29-8E03-99FCF081F273}.DebugDONOTUSE|Win32.ActiveCfg = Debug|Win32
		{4B9AB78F-085B-4F29-8E03-99FCF081F273}.DebugDONOTUSE|Win32.Build.0 = Debug|Win32
		{4B9AB78F-085B-4F29-8E03-99FCF081F273}.Release|Win32.ActiveCfg = Release|Win32
		{4B9AB78F-085B-4F29-8E03-99FCF081F273}.Release|Win32.Build.0 = Release|Win32
		{097BFFBB-2BBE-4E16-B2FB-3ED8E90ECBD7}.Debug|Win32.ActiveCfg = Debug|Win32
		{097BFFBB-2BBE-4E16-B2FB-3ED8E90ECBD7}.Debug|Win32.Build.0 = Debug|Win32
		{097BFFBB-2BBE-4E16-B2FB-3ED8E90ECBD7}.DebugDONOTUSE|Win32.ActiveCfg = Debug|Win32
		{097BFFBB-2BBE-4E16-B2FB-3ED8E90ECBD7}.DebugDONOTUSE|Win32.Build.0 = Debug|Win32
		{097BFFBB-2BBE-4E16-B2FB-3ED8E90ECBD7}.Release|Win32.ActiveCfg = Release|Win32
		{097BFFBB-2BBE-4E16-B2FB-3ED8E90ECBD7}.Release|Win32.Build.0 = Release|Win32
		{9ED72C7D-81FC-49F5-8709-0AB542113D3F}.Debug|Win32.ActiveCfg = Debug|Win32
		{9ED72C7D-81FC-49F5-8709-0AB542113D3F}.Debug|Win32.Build.0 = Debug|Win32
		{9ED72C7D-81FC-49F5-8709-0AB542113D3F}.DebugDONOTUSE|Win32.ActiveCfg = Debug|Win32
		{9ED72C7D-81FC-49F5-8709-0AB542113D3F}.DebugDONOTUSE|Win32.Build.0 = Debug|Win32
		{9ED72C7D-81FC-49F5-8709-0AB542113D3F}.Release|Win32.ActiveCfg = Release|Win32
		{9ED72C7D-81FC-49F5-8709-0AB542113D3F}.Release|Win32.Build.0 = Release|Win32
		{367D5EDC-F360-49E0-B652-587B9E22CF6C}.Debug|Win32.ActiveCfg = Debug|Win32
		{367D5EDC-F360-49E0-B652-587B9E22CF6C}.Debug|Win32.Build.0 = Debug|Win32
		{367D5EDC-F360-49E0-B652-587B9E22CF6C}.DebugDONOTUSE|Win32.ActiveCfg = Debug|Win32
		{367D5EDC-F360-49E0-B652-587B9E22CF6C}.DebugDONOTUSE|Win32.Build.0 = Debug|Win32
		{367D5EDC-F360-49E0-B652-587B9E22CF6C}.Release|Win32.ActiveCfg = Release|Win32
		{367D5EDC-F360-49E0-B652-587B9E22CF6C}.Release|Win32.Build.0 = Release|Win32
		{81A35B95-1CDD-4F58-A24C-E2DC47D43DD0}.Debug|Win32.ActiveCfg = Debug|Win32
		{81A35B95-1CDD-4F58-A24C-E2DC47D43DD0}.Debug|Win32.Build.0 = Debug|Win32
		{81A35B95-1CDD-4F58-A24C-E2DC47D43DD0}.DebugDONOTUSE|Win32.ActiveCfg = Debug|Win32
		{81A35B95-1CDD-4F58-A24C-E2DC47D43DD0}.DebugDONOTUSE|Win32.Build.0 = Debug|Win32
		{81A35B95-1CDD-4F58-A24C-E2DC47D43DD0}.Release|Win32.ActiveCfg = Release|Win32
		{81A35B95-1CDD-4F58-A24C-E2DC47D43DD0}.Release|Win32.Build.0 = Release|Win32
		{7C84F18C-FE8C-4731-882D-05C237753A54}.Debug|Win32.ActiveCfg = Debug|Win32
		{7C84F18C-FE8C-4731-882D-05C237753A54}.Debug|Win32.Build.0 = Debug|Win32
		{7C84F18C-FE8C-4731-882D-05C237753A54}.DebugDONOTUSE|Win32.ActiveCfg = Debug|Win32
		{7C84F18C-FE8C-4731-882D-05C237753A54}.DebugDONOTUSE|Win32.Build.0 = Debug|Win32
		{7C84F18C-FE8C-4731-882D-05C237753A54}.Release|Win32.ActiveCfg = Release|Win32
		{7C84F18C-FE8C-4731-882D-05C237753A54}.Release|Win32.Build.0 = Release|Win32
		{9E084A9E-A8B9-4F64-8048-F3357839683E}.Debug|Win32.ActiveCfg = Debug|Win32
		{9E084A9E-A8B9-4F64-8048-F3357839683E}.Debug|Win32.Build.0 = Debug|Win32
		{9E084A9E-A8B9-4F64-8048-F3357839683E}.DebugDONOTUSE|Win32.ActiveCfg = Debug|Win32
		{9E084A9E-A8B9-4F64-8048-F3357839683E}.DebugDONOTUSE|Win32.Build.0 = Debug|Win32
		{9E084A9E-A8B9-4F64-8048-F3357839683E}.Release|Win32.ActiveCfg = Release|Win32
		{9E084A9E-A8B9-4F64-8048-F3357839683E}.Release|Win32.Build.0 = Release|Win32
		{01DE3D3D-0DA2-447E-8C03-B2A2FB03A0F5}.Debug|Win32.ActiveCfg = Debug|Win32
		{01DE3D3D-0DA2-447E-8C03-B2A2FB03A0F5}.Debug|Win32.Build.0 = Debug|Win32
		{01DE3D3D-0DA2-447E-8C03-B2A2FB03A0F5}.DebugDONOTUSE|Win32.ActiveCfg = Debug|Win32
		{01DE3D3D-0DA2-447E-8C03-B2A2FB03A0F5}.DebugDONOTUSE|Win32.Build.0 = Debug|Win32
		{01DE3D3D-0DA2-447E-8C03-B2A2FB03A0F5}.Release|Win32.ActiveCfg = Release|Win32
		{01DE3D3D-0DA2-447E-8C03-B2A2FB03A0F5}.Release|Win32.Build.0 = Release|Win32
		{E7EB5672-90CC-4B88-A8A0-55BB6BBAE7F7}.Debug|Win32.ActiveCfg = Debug|Win32
		{E7EB5672-90CC-4B88-A8A0-55BB6BBAE7F7}.Debug|Win32.Build.0 = Debug|Win32
		{E7EB5672-90CC-4B88-A8A0-55BB6BBAE7F7}.DebugDONOTUSE|Win32.ActiveCfg = Debug|Win32
		{E7EB5672-90CC-4B88-A8A0-55BB6BBAE7F7}.DebugDONOTUSE|Win32.Build.0 = Debug|Win32
		{E7EB5672-90CC-4B88-A8A0-55BB6BBAE7F7}.Release|Win32.ActiveCfg = Release|Win32
		{E7EB5672-90CC-4B88-A8A0-55BB6BBAE7F7}.Release|Win32.Build.0 = Release|Win32
	EndGlobalSection
	GlobalSection(SolutionProperties) = preSolution
		HideSolutionNode = FALSE
	EndGlobalSection
	GlobalSection(NestedProjects) = preSolution
		{E7008BA7-4F75-4AF7-B25C-3A9A3287A88F} = {CDE58962-6409-42E3-B236-125C624E3508}
		{45D41ACC-2C3C-43D2-BC10-02AA73FFC7C7} = {CDE58962-6409-42E3-B236-125C624E3508}
		{81D33B95-1DDD-4F58-A24C-E2EC4A143DD0} = {CDE58962-6409-42E3-B236-125C624E3508}
		{FE6EB3C9-DA22-4492-AEC3-068C9553A623} = {69E78BDE-48E9-40DE-A39E-06EF1FE30ADB}
		{DB39D53F-D243-4C8C-95CD-2101CCA7D20F} = {F77D3998-A163-4D75-95E3-88C3C6B2DCFA}
		{B92D0FA9-093B-4DB0-9AFD-3AF72BD87AAE} = {F77D3998-A163-4D75-95E3-88C3C6B2DCFA}
		{81D35B95-1CDD-4F58-A24C-E2EC47D43DD0} = {F77D3998-A163-4D75-95E3-88C3C6B2DCFA}
		{81A35B95-1CED-4F58-A24C-E2DC47D43DD0} = {F77D3998-A163-4D75-95E3-88C3C6B2DCFA}
		{E7DFB061-5E6A-47DC-94C5-CCB169EA410A} = {F77D3998-A163-4D75-95E3-88C3C6B2DCFA}
		{81D33B95-1CDD-4F58-A24C-E2EC47143DD0} = {F77D3998-A163-4D75-95E3-88C3C6B2DCFA}
		{4B9AB78F-085B-4F29-8E03-99FCF081F273} = {F77D3998-A163-4D75-95E3-88C3C6B2DCFA}
		{097BFFBB-2BBE-4E16-B2FB-3ED8E90ECBD7} = {F77D3998-A163-4D75-95E3-88C3C6B2DCFA}
		{9ED72C7D-81FC-49F5-8709-0AB542113D3F} = {F77D3998-A163-4D75-95E3-88C3C6B2DCFA}
		{367D5EDC-F360-49E0-B652-587B9E22CF6C} = {F77D3998-A163-4D75-95E3-88C3C6B2DCFA}
		{81A35B95-1CDD-4F58-A24C-E2DC47D43DD0} = {B802515E-816B-4FC3-AF09-4684613A7425}
		{7C84F18C-FE8C-4731-882D-05C237753A54} = {F77D3998-A163-4D75-95E3-88C3C6B2DCFA}
		{9E084A9E-A8B9-4F64-8048-F3357839683E} = {F77D3998-A163-4D75-95E3-88C3C6B2DCFA}
		{01DE3D3D-0DA2-447E-8C03-B2A2FB03A0F5} = {F77D3998-A163-4D75-95E3-88C3C6B2DCFA}
		{63F35E63-664C-46D5-8897-D0EB32610F96} = {F77D3998-A163-4D75-95E3-88C3C6B2DCFA}
		{E7EB5672-90CC-4B88-A8A0-55BB6BBAE7F7} = {63F35E63-664C-46D5-8897-D0EB32610F96}
	EndGlobalSection
	GlobalSection(ExtensibilityGlobals) = postSolution
		SolutionGuid = {393C1DF6-B2DC-4FF2-8100-36DD1F304E10}
	EndGlobalSection
EndGlobal
